
Microsoft Visual Studio Solution File, Format Version 12.00
# Visual Studio 15
VisualStudioVersion = 15.0.28307.106
MinimumVisualStudioVersion = 10.0.40219.1
Project("{FAE04EC0-301F-11D3-BF4B-00C04F79EFBC}") = "KolkoKrzyzyk-UslugaWCF", "KolkoKrzyzyk-UslugaWCF\KolkoKrzyzyk-UslugaWCF.csproj", "{47348EDA-EE01-433A-9465-C7897E64474D}"
EndProject
Project("{FAE04EC0-301F-11D3-BF4B-00C04F79EFBC}") = "KolkoKrzyzyk", "KolkoKrzyzyk\KolkoKrzyzyk.csproj", "{74FFA6C2-22E9-42AB-B552-182499243EE8}"
	ProjectSection(ProjectDependencies) = postProject
		{47348EDA-EE01-433A-9465-C7897E64474D} = {47348EDA-EE01-433A-9465-C7897E64474D}
	EndProjectSection
EndProject
Global
	GlobalSection(SolutionConfigurationPlatforms) = preSolution
		Debug|Any CPU = Debug|Any CPU
		Release|Any CPU = Release|Any CPU
	EndGlobalSection
	GlobalSection(ProjectConfigurationPlatforms) = postSolution
		{47348EDA-EE01-433A-9465-C7897E64474D}.Debug|Any CPU.ActiveCfg = Debug|Any CPU
		{47348EDA-EE01-433A-9465-C7897E64474D}.Debug|Any CPU.Build.0 = Debug|Any CPU
		{47348EDA-EE01-433A-9465-C7897E64474D}.Release|Any CPU.ActiveCfg = Release|Any CPU
		{47348EDA-EE01-433A-9465-C7897E64474D}.Release|Any CPU.Build.0 = Release|Any CPU
		{74FFA6C2-22E9-42AB-B552-182499243EE8}.Debug|Any CPU.ActiveCfg = Debug|Any CPU
		{74FFA6C2-22E9-42AB-B552-182499243EE8}.Debug|Any CPU.Build.0 = Debug|Any CPU
		{74FFA6C2-22E9-42AB-B552-182499243EE8}.Release|Any CPU.ActiveCfg = Release|Any CPU
		{74FFA6C2-22E9-42AB-B552-182499243EE8}.Release|Any CPU.Build.0 = Release|Any CPU
	EndGlobalSection
	GlobalSection(SolutionProperties) = preSolution
		HideSolutionNode = FALSE
	EndGlobalSection
	GlobalSection(ExtensibilityGlobals) = postSolution
		SolutionGuid = {5A9D4C84-B834-450A-8CE5-BEA830C6146C}
	EndGlobalSection
EndGlobal
